
Microsoft Visual Studio Solution File, Format Version 12.00
# Visual Studio 14
VisualStudioVersion = 14.0.23107.0
MinimumVisualStudioVersion = 10.0.40219.1
Project("{2150E333-8FDC-42A3-9474-1A3956D46DE8}") = "02 Repository", "02 Repository", "{4C15F357-AE68-4027-82CF-37E36B86DF08}"
EndProject
Project("{2150E333-8FDC-42A3-9474-1A3956D46DE8}") = "Cache", "Cache", "{1E820C43-C6CA-42F4-8496-EB7C801CA54B}"
EndProject
Project("{2150E333-8FDC-42A3-9474-1A3956D46DE8}") = "MVC", "MVC", "{68FD0318-3571-4CA7-8305-D213D716E155}"
EndProject
Project("{2150E333-8FDC-42A3-9474-1A3956D46DE8}") = "03 DDD", "03 DDD", "{96641074-F08C-4D59-A4D2-08DBD68AD67C}"
EndProject
Project("{2150E333-8FDC-42A3-9474-1A3956D46DE8}") = "ES", "ES", "{BE257C6D-3FFD-4FB4-BCFA-DD46CAB965F3}"
EndProject
Project("{2150E333-8FDC-42A3-9474-1A3956D46DE8}") = "01 Core", "01 Core", "{2AAD43FD-BE9F-463A-8E00-2E0724F8EF89}"
EndProject
Project("{8BB2217D-0F2D-49D1-97BC-3654ED321F3B}") = "Orchid.Core", "CoreFX\Orchid.Core\Orchid.Core.xproj", "{8337B7EE-E4DC-4033-A804-EE3D159E4646}"
EndProject
Project("{8BB2217D-0F2D-49D1-97BC-3654ED321F3B}") = "Orchid.Repo", "CoreFX\Orchid.Repo\Orchid.Repo.xproj", "{8704AADF-6529-4B85-A82D-234885D5F86E}"
EndProject
Project("{8BB2217D-0F2D-49D1-97BC-3654ED321F3B}") = "Orchid.Repo.EF", "CoreFX\Orchid.Repo.EF\Orchid.Repo.EF.xproj", "{016B9189-AEE7-4229-8BB3-09ACC6B66AE4}"
EndProject
Project("{8BB2217D-0F2D-49D1-97BC-3654ED321F3B}") = "Orchid.DDD.CQRS", "CoreFX\Orchid.DDD.CQRS\Orchid.DDD.CQRS.xproj", "{D6CD1B02-BB23-491F-9AFB-31B43A3DBC9E}"
EndProject
Project("{8BB2217D-0F2D-49D1-97BC-3654ED321F3B}") = "Orchid.DDD.Domain", "CoreFX\Orchid.DDD.Domain\Orchid.DDD.Domain.xproj", "{39621A5E-4D5F-45D8-8AA4-0AEB092A599A}"
EndProject
Project("{8BB2217D-0F2D-49D1-97BC-3654ED321F3B}") = "Orchid.Web.MVC", "CoreFX\Orchid.Web.MVC\Orchid.Web.MVC.xproj", "{D491B3B7-264D-4551-B4EB-358DC29D7B00}"
EndProject
Project("{8BB2217D-0F2D-49D1-97BC-3654ED321F3B}") = "Orchid.Web.MVC.TagHelpers", "CoreFX\Orchid.Web.MVC.TagHelpers\Orchid.Web.MVC.TagHelpers.xproj", "{60A9FD4F-92E1-4F44-81BA-8D78ED3D6F23}"
EndProject
Project("{2150E333-8FDC-42A3-9474-1A3956D46DE8}") = "Authentication", "Authentication", "{E99C3CCB-EEC4-4A22-B459-A6E677CBEA29}"
EndProject
Project("{8BB2217D-0F2D-49D1-97BC-3654ED321F3B}") = "Orchid.Web.Authentication.WeiXin", "CoreFX\Orchid.Web.Authentication.WeiXin\Orchid.Web.Authentication.WeiXin.xproj", "{9948145C-121A-4082-8A3D-5C779D723C05}"
EndProject
Project("{8BB2217D-0F2D-49D1-97BC-3654ED321F3B}") = "Orchid.Web.Authentication.Qzon", "CoreFX\Orchid.Web.Authentication.Qzon\Orchid.Web.Authentication.Qzon.xproj", "{67D263CF-8D7A-4043-B1B1-AD1314807683}"
EndProject
Project("{8BB2217D-0F2D-49D1-97BC-3654ED321F3B}") = "Orchid.Cache", "CoreFX\Orchid.Cache\Orchid.Cache.xproj", "{E269D76B-5512-486A-8FB7-55900BCAFDB7}"
EndProject
Project("{2150E333-8FDC-42A3-9474-1A3956D46DE8}") = "Permission", "Permission", "{96F9D1BC-52CA-4887-8F78-E57240ED24E7}"
EndProject
Project("{8BB2217D-0F2D-49D1-97BC-3654ED321F3B}") = "Orchid.Permission.Domain", "CoreFX\Orchid.Permission.Domain\Orchid.Permission.Domain.xproj", "{F12399C6-BE5F-4E27-8442-E966A5A0A087}"
EndProject
Global
	GlobalSection(SolutionConfigurationPlatforms) = preSolution
		Debug|Any CPU = Debug|Any CPU
		Release|Any CPU = Release|Any CPU
	EndGlobalSection
	GlobalSection(ProjectConfigurationPlatforms) = postSolution
		{8337B7EE-E4DC-4033-A804-EE3D159E4646}.Debug|Any CPU.ActiveCfg = Debug|Any CPU
		{8337B7EE-E4DC-4033-A804-EE3D159E4646}.Debug|Any CPU.Build.0 = Debug|Any CPU
		{8337B7EE-E4DC-4033-A804-EE3D159E4646}.Release|Any CPU.ActiveCfg = Release|Any CPU
		{8337B7EE-E4DC-4033-A804-EE3D159E4646}.Release|Any CPU.Build.0 = Release|Any CPU
		{8704AADF-6529-4B85-A82D-234885D5F86E}.Debug|Any CPU.ActiveCfg = Debug|Any CPU
		{8704AADF-6529-4B85-A82D-234885D5F86E}.Debug|Any CPU.Build.0 = Debug|Any CPU
		{8704AADF-6529-4B85-A82D-234885D5F86E}.Release|Any CPU.ActiveCfg = Release|Any CPU
		{8704AADF-6529-4B85-A82D-234885D5F86E}.Release|Any CPU.Build.0 = Release|Any CPU
		{016B9189-AEE7-4229-8BB3-09ACC6B66AE4}.Debug|Any CPU.ActiveCfg = Debug|Any CPU
		{016B9189-AEE7-4229-8BB3-09ACC6B66AE4}.Debug|Any CPU.Build.0 = Debug|Any CPU
		{016B9189-AEE7-4229-8BB3-09ACC6B66AE4}.Release|Any CPU.ActiveCfg = Release|Any CPU
		{016B9189-AEE7-4229-8BB3-09ACC6B66AE4}.Release|Any CPU.Build.0 = Release|Any CPU
		{D6CD1B02-BB23-491F-9AFB-31B43A3DBC9E}.Debug|Any CPU.ActiveCfg = Debug|Any CPU
		{D6CD1B02-BB23-491F-9AFB-31B43A3DBC9E}.Debug|Any CPU.Build.0 = Debug|Any CPU
		{D6CD1B02-BB23-491F-9AFB-31B43A3DBC9E}.Release|Any CPU.ActiveCfg = Release|Any CPU
		{D6CD1B02-BB23-491F-9AFB-31B43A3DBC9E}.Release|Any CPU.Build.0 = Release|Any CPU
		{39621A5E-4D5F-45D8-8AA4-0AEB092A599A}.Debug|Any CPU.ActiveCfg = Debug|Any CPU
		{39621A5E-4D5F-45D8-8AA4-0AEB092A599A}.Debug|Any CPU.Build.0 = Debug|Any CPU
		{39621A5E-4D5F-45D8-8AA4-0AEB092A599A}.Release|Any CPU.ActiveCfg = Release|Any CPU
		{39621A5E-4D5F-45D8-8AA4-0AEB092A599A}.Release|Any CPU.Build.0 = Release|Any CPU
		{D491B3B7-264D-4551-B4EB-358DC29D7B00}.Debug|Any CPU.ActiveCfg = Debug|Any CPU
		{D491B3B7-264D-4551-B4EB-358DC29D7B00}.Debug|Any CPU.Build.0 = Debug|Any CPU
		{D491B3B7-264D-4551-B4EB-358DC29D7B00}.Release|Any CPU.ActiveCfg = Release|Any CPU
		{D491B3B7-264D-4551-B4EB-358DC29D7B00}.Release|Any CPU.Build.0 = Release|Any CPU
		{60A9FD4F-92E1-4F44-81BA-8D78ED3D6F23}.Debug|Any CPU.ActiveCfg = Debug|Any CPU
		{60A9FD4F-92E1-4F44-81BA-8D78ED3D6F23}.Debug|Any CPU.Build.0 = Debug|Any CPU
		{60A9FD4F-92E1-4F44-81BA-8D78ED3D6F23}.Release|Any CPU.ActiveCfg = Release|Any CPU
		{60A9FD4F-92E1-4F44-81BA-8D78ED3D6F23}.Release|Any CPU.Build.0 = Release|Any CPU
		{9948145C-121A-4082-8A3D-5C779D723C05}.Debug|Any CPU.ActiveCfg = Debug|Any CPU
		{9948145C-121A-4082-8A3D-5C779D723C05}.Debug|Any CPU.Build.0 = Debug|Any CPU
		{9948145C-121A-4082-8A3D-5C779D723C05}.Release|Any CPU.ActiveCfg = Release|Any CPU
		{9948145C-121A-4082-8A3D-5C779D723C05}.Release|Any CPU.Build.0 = Release|Any CPU
		{67D263CF-8D7A-4043-B1B1-AD1314807683}.Debug|Any CPU.ActiveCfg = Debug|Any CPU
		{67D263CF-8D7A-4043-B1B1-AD1314807683}.Debug|Any CPU.Build.0 = Debug|Any CPU
		{67D263CF-8D7A-4043-B1B1-AD1314807683}.Release|Any CPU.ActiveCfg = Release|Any CPU
		{67D263CF-8D7A-4043-B1B1-AD1314807683}.Release|Any CPU.Build.0 = Release|Any CPU
		{E269D76B-5512-486A-8FB7-55900BCAFDB7}.Debug|Any CPU.ActiveCfg = Debug|Any CPU
		{E269D76B-5512-486A-8FB7-55900BCAFDB7}.Debug|Any CPU.Build.0 = Debug|Any CPU
		{E269D76B-5512-486A-8FB7-55900BCAFDB7}.Release|Any CPU.ActiveCfg = Release|Any CPU
		{E269D76B-5512-486A-8FB7-55900BCAFDB7}.Release|Any CPU.Build.0 = Release|Any CPU
		{F12399C6-BE5F-4E27-8442-E966A5A0A087}.Debug|Any CPU.ActiveCfg = Debug|Any CPU
		{F12399C6-BE5F-4E27-8442-E966A5A0A087}.Debug|Any CPU.Build.0 = Debug|Any CPU
		{F12399C6-BE5F-4E27-8442-E966A5A0A087}.Release|Any CPU.ActiveCfg = Release|Any CPU
		{F12399C6-BE5F-4E27-8442-E966A5A0A087}.Release|Any CPU.Build.0 = Release|Any CPU
	EndGlobalSection
	GlobalSection(SolutionProperties) = preSolution
		HideSolutionNode = FALSE
	EndGlobalSection
	GlobalSection(NestedProjects) = preSolution
		{8337B7EE-E4DC-4033-A804-EE3D159E4646} = {2AAD43FD-BE9F-463A-8E00-2E0724F8EF89}
		{8704AADF-6529-4B85-A82D-234885D5F86E} = {4C15F357-AE68-4027-82CF-37E36B86DF08}
		{016B9189-AEE7-4229-8BB3-09ACC6B66AE4} = {4C15F357-AE68-4027-82CF-37E36B86DF08}
		{D6CD1B02-BB23-491F-9AFB-31B43A3DBC9E} = {96641074-F08C-4D59-A4D2-08DBD68AD67C}
		{39621A5E-4D5F-45D8-8AA4-0AEB092A599A} = {96641074-F08C-4D59-A4D2-08DBD68AD67C}
		{D491B3B7-264D-4551-B4EB-358DC29D7B00} = {68FD0318-3571-4CA7-8305-D213D716E155}
		{60A9FD4F-92E1-4F44-81BA-8D78ED3D6F23} = {68FD0318-3571-4CA7-8305-D213D716E155}
		{E99C3CCB-EEC4-4A22-B459-A6E677CBEA29} = {68FD0318-3571-4CA7-8305-D213D716E155}
		{9948145C-121A-4082-8A3D-5C779D723C05} = {E99C3CCB-EEC4-4A22-B459-A6E677CBEA29}
		{67D263CF-8D7A-4043-B1B1-AD1314807683} = {E99C3CCB-EEC4-4A22-B459-A6E677CBEA29}
		{E269D76B-5512-486A-8FB7-55900BCAFDB7} = {1E820C43-C6CA-42F4-8496-EB7C801CA54B}
		{F12399C6-BE5F-4E27-8442-E966A5A0A087} = {96F9D1BC-52CA-4887-8F78-E57240ED24E7}
	EndGlobalSection
EndGlobal
