
Microsoft Visual Studio Solution File, Format Version 12.00
# Visual Studio 15
VisualStudioVersion = 15.0.26730.3
MinimumVisualStudioVersion = 10.0.40219.1
Project("{2150E333-8FDC-42A3-9474-1A3956D46DE8}") = "02 Repository", "02 Repository", "{4C15F357-AE68-4027-82CF-37E36B86DF08}"
EndProject
Project("{2150E333-8FDC-42A3-9474-1A3956D46DE8}") = "04 Cache", "04 Cache", "{1E820C43-C6CA-42F4-8496-EB7C801CA54B}"
EndProject
Project("{2150E333-8FDC-42A3-9474-1A3956D46DE8}") = "MVC", "MVC", "{68FD0318-3571-4CA7-8305-D213D716E155}"
EndProject
Project("{2150E333-8FDC-42A3-9474-1A3956D46DE8}") = "03 DDD", "03 DDD", "{96641074-F08C-4D59-A4D2-08DBD68AD67C}"
EndProject
Project("{2150E333-8FDC-42A3-9474-1A3956D46DE8}") = "06 ES", "06 ES", "{BE257C6D-3FFD-4FB4-BCFA-DD46CAB965F3}"
EndProject
Project("{2150E333-8FDC-42A3-9474-1A3956D46DE8}") = "01 Core", "01 Core", "{2AAD43FD-BE9F-463A-8E00-2E0724F8EF89}"
EndProject
Project("{2150E333-8FDC-42A3-9474-1A3956D46DE8}") = "Authentication", "Authentication", "{E99C3CCB-EEC4-4A22-B459-A6E677CBEA29}"
EndProject
Project("{2150E333-8FDC-42A3-9474-1A3956D46DE8}") = "Solution Items", "Solution Items", "{F84AC2BB-42B5-42AA-819D-0E97C6F098A0}"
	ProjectSection(SolutionItems) = preProject
		License.licenseheader = License.licenseheader
	EndProjectSection
EndProject
Project("{2150E333-8FDC-42A3-9474-1A3956D46DE8}") = "Identity", "Identity", "{6ADEA544-5C06-49FD-9207-E87F330F0A3A}"
EndProject
Project("{2150E333-8FDC-42A3-9474-1A3956D46DE8}") = "05 MQ", "05 MQ", "{C1A83253-5212-44B6-A2AA-76A5FFD63253}"
EndProject
Project("{2150E333-8FDC-42A3-9474-1A3956D46DE8}") = "Samples", "Samples", "{EF431561-F8B3-43F1-B52C-A4728A10EC9D}"
EndProject
Project("{2150E333-8FDC-42A3-9474-1A3956D46DE8}") = "CakeStore", "CakeStore", "{3DCE40F0-BA08-4BD6-BDD5-D3A545DAF4C6}"
EndProject
Project("{2150E333-8FDC-42A3-9474-1A3956D46DE8}") = "Order", "Order", "{93B27F71-AB53-4FBB-8BD8-EC3AC4678D0D}"
EndProject
Project("{2150E333-8FDC-42A3-9474-1A3956D46DE8}") = "Shipping", "Shipping", "{AC053F55-B962-4F7B-A30D-D5F812D607F4}"
EndProject
Project("{2150E333-8FDC-42A3-9474-1A3956D46DE8}") = "Payment", "Payment", "{8864959F-2EAE-4081-B17A-D87C3A446CC4}"
EndProject
Project("{2150E333-8FDC-42A3-9474-1A3956D46DE8}") = "Review", "Review", "{51F9716D-640B-48FE-AA2E-84B61BEEB2AB}"
EndProject
Project("{2150E333-8FDC-42A3-9474-1A3956D46DE8}") = "Inventory", "Inventory", "{C80BA264-4109-4D1B-80C3-6809BAA8CEFA}"
EndProject
Project("{2150E333-8FDC-42A3-9474-1A3956D46DE8}") = "Shopping", "Shopping", "{B77CEED6-B48A-407D-AF9C-3D8A3752C061}"
EndProject
Project("{2150E333-8FDC-42A3-9474-1A3956D46DE8}") = "Product", "Product", "{7C8193B3-36FF-4B60-A3AC-C99799EFD9E9}"
EndProject
Project("{2150E333-8FDC-42A3-9474-1A3956D46DE8}") = "CommandSide", "CommandSide", "{172DAD94-1DB3-402B-9B94-EA5FFE5E8E9A}"
EndProject
Project("{2150E333-8FDC-42A3-9474-1A3956D46DE8}") = "QuerySide", "QuerySide", "{1D0950BE-DBCD-41CB-8FEF-03B78BF4745B}"
EndProject
Project("{2150E333-8FDC-42A3-9474-1A3956D46DE8}") = "Localization", "Localization", "{F29B4960-F519-497E-9506-CE218A36E104}"
EndProject
Project("{2150E333-8FDC-42A3-9474-1A3956D46DE8}") = "Toos", "Toos", "{8FA4DC50-28A0-4E01-A9C5-AC76DF421A6A}"
EndProject
Project("{2150E333-8FDC-42A3-9474-1A3956D46DE8}") = "GenerateAssemblyWithGrpc", "GenerateAssemblyWithGrpc", "{4483AD39-5D7E-4E6C-8E55-BCA63C10532E}"
	ProjectSection(SolutionItems) = preProject
		tools\GenerateAssemblyWithGrpc\generateAssemblyWithGrpc.ps1 = tools\GenerateAssemblyWithGrpc\generateAssemblyWithGrpc.ps1
	EndProjectSection
EndProject
Project("{2150E333-8FDC-42A3-9474-1A3956D46DE8}") = "07 Cloud", "07 Cloud", "{0047F025-2F6F-4702-B4BA-BA33DEFA6542}"
EndProject
Project("{2150E333-8FDC-42A3-9474-1A3956D46DE8}") = "02 Registry", "02 Registry", "{F752E050-31C2-4019-B782-7E012EBAF901}"
EndProject
Project("{2150E333-8FDC-42A3-9474-1A3956D46DE8}") = "01 Core", "01 Core", "{C161C599-F919-4899-80B4-34D03FDE3E4D}"
EndProject
Project("{9A19103F-16F7-4668-BE54-9A1E7A4F7556}") = "Orchid.Core", "src\Orchid.Core\Orchid.Core.csproj", "{8337B7EE-E4DC-4033-A804-EE3D159E4646}"
EndProject
Project("{9A19103F-16F7-4668-BE54-9A1E7A4F7556}") = "Orchid.Repo", "src\Repository\Orchid.Repo\Orchid.Repo.csproj", "{8704AADF-6529-4B85-A82D-234885D5F86E}"
EndProject
Project("{9A19103F-16F7-4668-BE54-9A1E7A4F7556}") = "Orchid.Repo.EF", "src\Repository\Orchid.Repo.EF\Orchid.Repo.EF.csproj", "{016B9189-AEE7-4229-8BB3-09ACC6B66AE4}"
EndProject
Project("{9A19103F-16F7-4668-BE54-9A1E7A4F7556}") = "Orchid.DDD.Domain", "src\DDD\Orchid.DDD.Domain\Orchid.DDD.Domain.csproj", "{39621A5E-4D5F-45D8-8AA4-0AEB092A599A}"
EndProject
Project("{9A19103F-16F7-4668-BE54-9A1E7A4F7556}") = "Orchid.Web.Authentication.WeiXin", "src\MVC\Orchid.Web.Authentication.WeiXin\Orchid.Web.Authentication.WeiXin.csproj", "{9948145C-121A-4082-8A3D-5C779D723C05}"
EndProject
Project("{9A19103F-16F7-4668-BE54-9A1E7A4F7556}") = "Orchid.Web.Authentication.Qzon", "src\MVC\Orchid.Web.Authentication.Qzon\Orchid.Web.Authentication.Qzon.csproj", "{67D263CF-8D7A-4043-B1B1-AD1314807683}"
EndProject
Project("{9A19103F-16F7-4668-BE54-9A1E7A4F7556}") = "Orchid.Identity.Domain", "src\Identity\Orchid.Identity.Domain\Orchid.Identity.Domain.csproj", "{B1E2868D-C0D8-4F74-8134-F038C0E24383}"
EndProject
Project("{9A19103F-16F7-4668-BE54-9A1E7A4F7556}") = "Orchid.Identity.Infrastructure.Data", "src\Identity\Orchid.Identity.Infrastructure.Data\Orchid.Identity.Infrastructure.Data.csproj", "{E58486EB-3E8D-46AA-BB6B-47C33EDA639B}"
EndProject
Project("{9A19103F-16F7-4668-BE54-9A1E7A4F7556}") = "Orchid.Identity.Application", "src\Identity\Orchid.Identity.Application\Orchid.Identity.Application.csproj", "{07142382-2787-44D8-B09C-F340000C64DB}"
EndProject
Project("{9A19103F-16F7-4668-BE54-9A1E7A4F7556}") = "Orchid.Caching", "src\Cache\Orchid.Caching\Orchid.Caching.csproj", "{C6C27026-7036-4A3D-AD7D-FA093CEFE701}"
EndProject
Project("{9A19103F-16F7-4668-BE54-9A1E7A4F7556}") = "Orchid.Web.MVC", "src\MVC\Orchid.Web.MVC\Orchid.Web.MVC.csproj", "{D7A453B6-EC9A-42BE-85FA-A9D0AA2D9BBA}"
EndProject
Project("{9A19103F-16F7-4668-BE54-9A1E7A4F7556}") = "Orchid.DDD.CQRS", "src\DDD\Orchid.DDD.CQRS\Orchid.DDD.CQRS.csproj", "{A13228D6-009C-47E1-A8EC-8F2BB117C37E}"
EndProject
Project("{9A19103F-16F7-4668-BE54-9A1E7A4F7556}") = "Orchid.EventSourcing", "src\DDD\Orchid.EventSourcing\Orchid.EventSourcing.csproj", "{3B88F03B-8B96-48C5-8569-80434752BE6F}"
EndProject
Project("{9A19103F-16F7-4668-BE54-9A1E7A4F7556}") = "CakeStore.Website", "examples\CakeStore\CakeStore.Website\CakeStore.Website.csproj", "{4A94E63B-52A5-404F-81FF-E4C69777B758}"
EndProject
Project("{9A19103F-16F7-4668-BE54-9A1E7A4F7556}") = "Orchid.LocalizationWithinDB", "src\Orchid.LocalizationWithinDB\Orchid.LocalizationWithinDB.csproj", "{3E6ED6D2-71AC-434C-8019-DC120ED4076E}"
EndProject
Project("{9A19103F-16F7-4668-BE54-9A1E7A4F7556}") = "Orchid.DDD.Application", "src\DDD\Orchid.DDD.Application\Orchid.DDD.Application.csproj", "{546BC4E3-F2FF-45CB-8CD0-F1B1AE1169E3}"
EndProject
Project("{9A19103F-16F7-4668-BE54-9A1E7A4F7556}") = "CakeStore.Api.Mobile", "examples\CakeStore\CakeStore.Api.Mobile\CakeStore.Api.Mobile.csproj", "{51391B0C-2E94-43F2-858E-29652D22C709}"
EndProject
Project("{9A19103F-16F7-4668-BE54-9A1E7A4F7556}") = "CakeStore.Api.Website", "examples\CakeStore\CakeStore.Api.Website\CakeStore.Api.Website.csproj", "{0B66E234-B887-43C1-8FC4-0268D75C7B54}"
EndProject
Project("{9A19103F-16F7-4668-BE54-9A1E7A4F7556}") = "CakeStore.Order.Service.Server", "examples\CakeStore\CakeStore.Order.Service.Server\CakeStore.Order.Service.Server.csproj", "{F822C44A-E3D7-40B7-AA22-7F617BA7642A}"
EndProject
Project("{9A19103F-16F7-4668-BE54-9A1E7A4F7556}") = "CakeStore.Order.Service.Client", "examples\CakeStore\CakeStore.Order.Service.Client\CakeStore.Order.Service.Client.csproj", "{629EDBA5-00B9-42E3-8DF8-4590D13528BD}"
EndProject
Project("{9A19103F-16F7-4668-BE54-9A1E7A4F7556}") = "Orchid.Repo.Dapper", "src\Repository\Orchid.Repo.Dapper\Orchid.Repo.Dapper.csproj", "{AFDFB8D3-9CC9-4320-8530-E48A95C20D71}"
EndProject
Project("{9A19103F-16F7-4668-BE54-9A1E7A4F7556}") = "Orchid.Cloud.ApiGateway", "src\Cloud\Orchid.Cloud.ApiGateway\Orchid.Cloud.ApiGateway.csproj", "{3A97ABF5-D63D-4430-82FE-6472160F6BC5}"
EndProject
Project("{9A19103F-16F7-4668-BE54-9A1E7A4F7556}") = "Orchid.Cloud", "src\Cloud\Orchid.Cloud\Orchid.Cloud.csproj", "{A555418C-E0B6-4980-B143-915875A128CC}"
EndProject
Project("{9A19103F-16F7-4668-BE54-9A1E7A4F7556}") = "Orchid.Cloud.Service", "src\Cloud\Service\Orchid.Cloud.Service\Orchid.Cloud.Service.csproj", "{3B46771F-43FD-4A75-8D22-59602B8F75AD}"
EndProject
Project("{9A19103F-16F7-4668-BE54-9A1E7A4F7556}") = "Orchid.Cloud.Service.Server", "src\Cloud\Service\Orchid.Cloud.Service.Server\Orchid.Cloud.Service.Server.csproj", "{77E693D1-3336-430C-A8D8-4DD5738E942B}"
EndProject
Project("{9A19103F-16F7-4668-BE54-9A1E7A4F7556}") = "Orchid.Cloud.CircuitBreaker", "src\Cloud\Orchid.Cloud.CircuitBreaker\Orchid.Cloud.CircuitBreaker.csproj", "{0ACB0744-19D4-4C7F-A2C6-733F2ECC8D12}"
EndProject
Project("{9A19103F-16F7-4668-BE54-9A1E7A4F7556}") = "Orchid.Cloud.Monitor", "src\Cloud\Orchid.Cloud.Monitor\Orchid.Cloud.Monitor.csproj", "{54D044F3-8D14-4E23-8EDA-0ED55A4C1949}"
EndProject
Project("{9A19103F-16F7-4668-BE54-9A1E7A4F7556}") = "Orchid.Cloud.ServiceRegistry", "src\Cloud\ServiceRegistry\Orchid.Cloud.ServiceRegistry\Orchid.Cloud.ServiceRegistry.csproj", "{91E2C67B-5F6B-4862-9ED7-B39632510D3F}"
EndProject
Project("{9A19103F-16F7-4668-BE54-9A1E7A4F7556}") = "Orchid.Cloud.ServiceRegistry.Default", "src\Cloud\ServiceRegistry\Orchid.Cloud.ServiceRegistry.Default\Orchid.Cloud.ServiceRegistry.Default.csproj", "{997D6245-CBBA-4351-8BE2-2EF09A2952CD}"
EndProject
Project("{9A19103F-16F7-4668-BE54-9A1E7A4F7556}") = "Orchid.Cloud.ServiceRegistry.Etcd", "src\Cloud\ServiceRegistry\Orchid.Cloud.ServiceRegistry.Etcd\Orchid.Cloud.ServiceRegistry.Etcd.csproj", "{9511C3D0-6F0C-4E03-8093-9A784D6A1216}"
EndProject
Project("{9A19103F-16F7-4668-BE54-9A1E7A4F7556}") = "Orchid.Repo.Mongo", "src\Repository\Orchid.Repo.Mongo\Orchid.Repo.Mongo.csproj", "{933275EA-319D-46B7-9BEB-216BB5B442D5}"
EndProject
Project("{2150E333-8FDC-42A3-9474-1A3956D46DE8}") = "03 Service", "03 Service", "{CCF293C0-3213-498D-987C-1C31A94CF5CC}"
EndProject
Project("{9A19103F-16F7-4668-BE54-9A1E7A4F7556}") = "Orchid.Cloud.Service.Test", "src\Orchid.Cloud.Service.Test\Orchid.Cloud.Service.Test.csproj", "{DF303329-74DE-4222-B746-073EA3EC33E2}"
EndProject
Project("{9A19103F-16F7-4668-BE54-9A1E7A4F7556}") = "Orchid.Cloud.Service.Client.Restful", "src\Cloud\Service\Orchid.Cloud.Service.Client.Restful\Orchid.Cloud.Service.Client.Restful.csproj", "{39564065-A406-45A6-9E24-62B42316D83C}"
EndProject
Project("{9A19103F-16F7-4668-BE54-9A1E7A4F7556}") = "Orchid.Cloud.Service.Client", "src\Cloud\Service\Orchid.Cloud.Service.Client\Orchid.Cloud.Service.Client.csproj", "{CD6124E7-5922-4F63-97C7-920E1D641D98}"
EndProject
Project("{2150E333-8FDC-42A3-9474-1A3956D46DE8}") = "MicroService", "MicroService", "{23680055-3CF2-4630-9694-69414867AEB1}"
EndProject
Project("{2150E333-8FDC-42A3-9474-1A3956D46DE8}") = "EmailService", "EmailService", "{139F25AD-C5D0-4158-8E5D-AA25F1D0E1FD}"
EndProject
Project("{2150E333-8FDC-42A3-9474-1A3956D46DE8}") = "SmsService", "SmsService", "{C2B7F832-AB0E-481D-A0DA-E2991C522F46}"
EndProject
Project("{2150E333-8FDC-42A3-9474-1A3956D46DE8}") = "LogService", "LogService", "{8DB34978-245C-4712-8513-AC7FBD1F9CDC}"
EndProject
Project("{2150E333-8FDC-42A3-9474-1A3956D46DE8}") = "OMP", "OMP", "{2505067A-D1C7-4484-B378-34D737597D65}"
EndProject
Project("{FAE04EC0-301F-11D3-BF4B-00C04F79EFBC}") = "OMP.Api.Website", "examples\OMP\OMP.Api.Website\OMP.Api.Website.csproj", "{07CCDCCB-F771-485E-9E45-2DDFB5006EFA}"
EndProject
Project("{9A19103F-16F7-4668-BE54-9A1E7A4F7556}") = "OMP.Domain", "examples\OMP\OMP.Domain\OMP.Domain.csproj", "{DA0A3B3E-8BA9-434E-8CDA-D87AE14B6A43}"
EndProject
Project("{9A19103F-16F7-4668-BE54-9A1E7A4F7556}") = "OMP.Data", "OMP.Data\OMP.Data.csproj", "{24CC5CFB-A3B0-44EC-9A34-65590465BE3D}"
EndProject
Project("{FAE04EC0-301F-11D3-BF4B-00C04F79EFBC}") = "OMP.Website", "examples\OMP\OMP.Website\OMP.Website.csproj", "{11B4D13B-E70E-4050-9DA2-46C5200A66E7}"
EndProject
Project("{2150E333-8FDC-42A3-9474-1A3956D46DE8}") = "05 Agent", "05 Agent", "{EEE5002C-EC4F-46FC-8C2A-09B27BDBB266}"
EndProject
Project("{2150E333-8FDC-42A3-9474-1A3956D46DE8}") = "02 Infrastructure", "02 Infrastructure", "{CA9D368A-C770-4084-8CFF-93D3FE4A9EFA}"
EndProject
Project("{9A19103F-16F7-4668-BE54-9A1E7A4F7556}") = "Orchid.Cloud.Agent", "src\Cloud\Agent\Orchid.Cloud.Agent\Orchid.Cloud.Agent.csproj", "{30967926-E144-4B8A-9324-767A8C40F749}"
EndProject
Project("{9A19103F-16F7-4668-BE54-9A1E7A4F7556}") = "Orchid.Cloud.Configuration", "src\Configuration\Orchid.Cloud.Configuration\Orchid.Cloud.Configuration.csproj", "{7FCA1002-A242-4F12-B75A-F3DA0D057CB9}"
EndProject
Project("{9A19103F-16F7-4668-BE54-9A1E7A4F7556}") = "Orchid.Cloud.Logging", "src\Orchid.Cloud.Logging\Orchid.Cloud.Logging.csproj", "{6C60ABAB-12A5-47BA-9221-F55996C16776}"
EndProject
Project("{9A19103F-16F7-4668-BE54-9A1E7A4F7556}") = "Orchid.Cloud.Service.Logging.Agent", "src\Cloud\Orchid.Cloud.Service.Logging.Agent\Orchid.Cloud.Service.Logging.Agent.csproj", "{52EA053B-0A11-42AE-9D02-348B498CEB6A}"
EndProject
Project("{9A19103F-16F7-4668-BE54-9A1E7A4F7556}") = "Orchid.Cloud.Agent.Client", "src\Cloud\Agent\Orchid.Cloud.Agent.Client\Orchid.Cloud.Agent.Client.csproj", "{E4767DDE-302E-4D94-947F-9DDDBB678525}"
EndProject
Project("{9A19103F-16F7-4668-BE54-9A1E7A4F7556}") = "Orchid.Cloud.Agent.Abstractions", "src\Cloud\Agent\Orchid.Cloud.Agent.Abstractions\Orchid.Cloud.Agent.Abstractions.csproj", "{D3E44A3E-26ED-433A-9877-CD225CD82384}"
EndProject
Project("{2150E333-8FDC-42A3-9474-1A3956D46DE8}") = "01 Load Balance", "01 Load Balance", "{5D5DAA06-77CC-4254-9CF8-EEE53C948427}"
EndProject
Project("{9A19103F-16F7-4668-BE54-9A1E7A4F7556}") = "Orchid.Cloud.LoadBalance", "src\Cloud\LoadBalance\Orchid.Cloud.LoadBalance\Orchid.Cloud.LoadBalance.csproj", "{1196008C-88D5-4D9C-B2FE-AF0F81FCD057}"
EndProject
Project("{9A19103F-16F7-4668-BE54-9A1E7A4F7556}") = "Orchid.Cloud.LoadBalance.Kube", "src\Cloud\LoadBalance\Orchid.Cloud.LoadBalance.Kube\Orchid.Cloud.LoadBalance.Kube.csproj", "{20534500-D9FA-4976-8C0B-984594BF198C}"
EndProject
Project("{9A19103F-16F7-4668-BE54-9A1E7A4F7556}") = "Orchid.Cloud.ServiceRegistry.Consul", "src\Cloud\ServiceRegistry\Orchid.Cloud.ServiceRegistry.Consul\Orchid.Cloud.ServiceRegistry.Consul.csproj", "{D77140FB-FCC5-4779-A500-DCCDEDB7E3CD}"
EndProject
Project("{2150E333-8FDC-42A3-9474-1A3956D46DE8}") = "03 Logging", "03 Logging", "{1923EB13-1DA3-439E-81F4-BA00ED68B52F}"
EndProject
Project("{2150E333-8FDC-42A3-9474-1A3956D46DE8}") = "04 Api Gateway", "04 Api Gateway", "{9B54B6C4-21A6-4293-AFA8-F4AD829EA5FE}"
EndProject
Project("{2150E333-8FDC-42A3-9474-1A3956D46DE8}") = "04 Configuration", "04 Configuration", "{3A506C91-E1F2-4D25-BB45-94639F37822D}"
EndProject
Project("{9A19103F-16F7-4668-BE54-9A1E7A4F7556}") = "Orchid.Cloud.ServiceRegistry.Kube", "src\Cloud\ServiceRegistry\Orchid.Cloud.ServiceRegistry.Kube\Orchid.Cloud.ServiceRegistry.Kube.csproj", "{907BB701-C97F-491B-B986-313C657F49E5}"
EndProject
Project("{2150E333-8FDC-42A3-9474-1A3956D46DE8}") = "06 Admin", "06 Admin", "{CA4D9B14-CBB1-4C46-9F4B-AD58259A6454}"
EndProject
Project("{2150E333-8FDC-42A3-9474-1A3956D46DE8}") = "05 Message", "05 Message", "{0DC5F74D-F466-44D8-925C-63D2B7DC1693}"
EndProject
Project("{9A19103F-16F7-4668-BE54-9A1E7A4F7556}") = "OMP.Application", "examples\OMP\OMP.Application\OMP.Application.csproj", "{8DF9B5E1-5F5C-4F0B-B12B-504FA986A5C9}"
EndProject
Project("{9A19103F-16F7-4668-BE54-9A1E7A4F7556}") = "Orchid.Cloud.Configuration.Consul", "src\Configuration\Orchid.Cloud.Configuration.Consul\Orchid.Cloud.Configuration.Consul.csproj", "{76853CE6-2ED4-4D2C-A96B-52E4F7E2DA1D}"
EndProject
Project("{9A19103F-16F7-4668-BE54-9A1E7A4F7556}") = "Orchid.Cloud.Admin.Abstractions", "src\Orchid.Cloud.Admin.Abstractions\Orchid.Cloud.Admin.Abstractions.csproj", "{E6D879B3-498A-436E-85B8-6F361F79F8B2}"
EndProject
Project("{9A19103F-16F7-4668-BE54-9A1E7A4F7556}") = "Orchid.Cloud.Application", "src\Cloud\Orchid.Cloud.Application\Orchid.Cloud.Application.csproj", "{DEFF61B6-5779-40C5-B249-D5958F580235}"
EndProject
Project("{9A19103F-16F7-4668-BE54-9A1E7A4F7556}") = "Orchid.Repo.Etcd", "src\Repository\Orchid.Repo.Etcd\Orchid.Repo.Etcd.csproj", "{DE4512EC-9C58-4DD1-ACAB-2838DF88FDFA}"
EndProject
Project("{FAE04EC0-301F-11D3-BF4B-00C04F79EFBC}") = "Orchid.EventBus", "src\EventBus\Orchid.EventBus\Orchid.EventBus.csproj", "{CF802D5B-5980-44B7-9B17-EA055715959A}"
EndProject
Global
	GlobalSection(SolutionConfigurationPlatforms) = preSolution
		Debug|Any CPU = Debug|Any CPU
		Release|Any CPU = Release|Any CPU
	EndGlobalSection
	GlobalSection(ProjectConfigurationPlatforms) = postSolution
		{8337B7EE-E4DC-4033-A804-EE3D159E4646}.Debug|Any CPU.ActiveCfg = Debug|Any CPU
		{8337B7EE-E4DC-4033-A804-EE3D159E4646}.Debug|Any CPU.Build.0 = Debug|Any CPU
		{8337B7EE-E4DC-4033-A804-EE3D159E4646}.Release|Any CPU.ActiveCfg = Release|Any CPU
		{8337B7EE-E4DC-4033-A804-EE3D159E4646}.Release|Any CPU.Build.0 = Release|Any CPU
		{8704AADF-6529-4B85-A82D-234885D5F86E}.Debug|Any CPU.ActiveCfg = Debug|Any CPU
		{8704AADF-6529-4B85-A82D-234885D5F86E}.Debug|Any CPU.Build.0 = Debug|Any CPU
		{8704AADF-6529-4B85-A82D-234885D5F86E}.Release|Any CPU.ActiveCfg = Release|Any CPU
		{8704AADF-6529-4B85-A82D-234885D5F86E}.Release|Any CPU.Build.0 = Release|Any CPU
		{016B9189-AEE7-4229-8BB3-09ACC6B66AE4}.Debug|Any CPU.ActiveCfg = Debug|Any CPU
		{016B9189-AEE7-4229-8BB3-09ACC6B66AE4}.Debug|Any CPU.Build.0 = Debug|Any CPU
		{016B9189-AEE7-4229-8BB3-09ACC6B66AE4}.Release|Any CPU.ActiveCfg = Release|Any CPU
		{016B9189-AEE7-4229-8BB3-09ACC6B66AE4}.Release|Any CPU.Build.0 = Release|Any CPU
		{39621A5E-4D5F-45D8-8AA4-0AEB092A599A}.Debug|Any CPU.ActiveCfg = Debug|Any CPU
		{39621A5E-4D5F-45D8-8AA4-0AEB092A599A}.Debug|Any CPU.Build.0 = Debug|Any CPU
		{39621A5E-4D5F-45D8-8AA4-0AEB092A599A}.Release|Any CPU.ActiveCfg = Release|Any CPU
		{39621A5E-4D5F-45D8-8AA4-0AEB092A599A}.Release|Any CPU.Build.0 = Release|Any CPU
		{9948145C-121A-4082-8A3D-5C779D723C05}.Debug|Any CPU.ActiveCfg = Debug|Any CPU
		{9948145C-121A-4082-8A3D-5C779D723C05}.Debug|Any CPU.Build.0 = Debug|Any CPU
		{9948145C-121A-4082-8A3D-5C779D723C05}.Release|Any CPU.ActiveCfg = Release|Any CPU
		{9948145C-121A-4082-8A3D-5C779D723C05}.Release|Any CPU.Build.0 = Release|Any CPU
		{67D263CF-8D7A-4043-B1B1-AD1314807683}.Debug|Any CPU.ActiveCfg = Debug|Any CPU
		{67D263CF-8D7A-4043-B1B1-AD1314807683}.Debug|Any CPU.Build.0 = Debug|Any CPU
		{67D263CF-8D7A-4043-B1B1-AD1314807683}.Release|Any CPU.ActiveCfg = Release|Any CPU
		{67D263CF-8D7A-4043-B1B1-AD1314807683}.Release|Any CPU.Build.0 = Release|Any CPU
		{B1E2868D-C0D8-4F74-8134-F038C0E24383}.Debug|Any CPU.ActiveCfg = Debug|Any CPU
		{B1E2868D-C0D8-4F74-8134-F038C0E24383}.Debug|Any CPU.Build.0 = Debug|Any CPU
		{B1E2868D-C0D8-4F74-8134-F038C0E24383}.Release|Any CPU.ActiveCfg = Release|Any CPU
		{B1E2868D-C0D8-4F74-8134-F038C0E24383}.Release|Any CPU.Build.0 = Release|Any CPU
		{E58486EB-3E8D-46AA-BB6B-47C33EDA639B}.Debug|Any CPU.ActiveCfg = Debug|Any CPU
		{E58486EB-3E8D-46AA-BB6B-47C33EDA639B}.Debug|Any CPU.Build.0 = Debug|Any CPU
		{E58486EB-3E8D-46AA-BB6B-47C33EDA639B}.Release|Any CPU.ActiveCfg = Release|Any CPU
		{E58486EB-3E8D-46AA-BB6B-47C33EDA639B}.Release|Any CPU.Build.0 = Release|Any CPU
		{07142382-2787-44D8-B09C-F340000C64DB}.Debug|Any CPU.ActiveCfg = Debug|Any CPU
		{07142382-2787-44D8-B09C-F340000C64DB}.Debug|Any CPU.Build.0 = Debug|Any CPU
		{07142382-2787-44D8-B09C-F340000C64DB}.Release|Any CPU.ActiveCfg = Release|Any CPU
		{07142382-2787-44D8-B09C-F340000C64DB}.Release|Any CPU.Build.0 = Release|Any CPU
		{C6C27026-7036-4A3D-AD7D-FA093CEFE701}.Debug|Any CPU.ActiveCfg = Debug|Any CPU
		{C6C27026-7036-4A3D-AD7D-FA093CEFE701}.Debug|Any CPU.Build.0 = Debug|Any CPU
		{C6C27026-7036-4A3D-AD7D-FA093CEFE701}.Release|Any CPU.ActiveCfg = Release|Any CPU
		{C6C27026-7036-4A3D-AD7D-FA093CEFE701}.Release|Any CPU.Build.0 = Release|Any CPU
		{A04799F2-3676-4956-A4DE-2BDEA874070E}.Debug|Any CPU.ActiveCfg = Debug|Any CPU
		{A04799F2-3676-4956-A4DE-2BDEA874070E}.Debug|Any CPU.Build.0 = Debug|Any CPU
		{A04799F2-3676-4956-A4DE-2BDEA874070E}.Release|Any CPU.ActiveCfg = Release|Any CPU
		{A04799F2-3676-4956-A4DE-2BDEA874070E}.Release|Any CPU.Build.0 = Release|Any CPU
		{D7A453B6-EC9A-42BE-85FA-A9D0AA2D9BBA}.Debug|Any CPU.ActiveCfg = Debug|Any CPU
		{D7A453B6-EC9A-42BE-85FA-A9D0AA2D9BBA}.Debug|Any CPU.Build.0 = Debug|Any CPU
		{D7A453B6-EC9A-42BE-85FA-A9D0AA2D9BBA}.Release|Any CPU.ActiveCfg = Release|Any CPU
		{D7A453B6-EC9A-42BE-85FA-A9D0AA2D9BBA}.Release|Any CPU.Build.0 = Release|Any CPU
		{A13228D6-009C-47E1-A8EC-8F2BB117C37E}.Debug|Any CPU.ActiveCfg = Debug|Any CPU
		{A13228D6-009C-47E1-A8EC-8F2BB117C37E}.Debug|Any CPU.Build.0 = Debug|Any CPU
		{A13228D6-009C-47E1-A8EC-8F2BB117C37E}.Release|Any CPU.ActiveCfg = Release|Any CPU
		{A13228D6-009C-47E1-A8EC-8F2BB117C37E}.Release|Any CPU.Build.0 = Release|Any CPU
		{3B88F03B-8B96-48C5-8569-80434752BE6F}.Debug|Any CPU.ActiveCfg = Debug|Any CPU
		{3B88F03B-8B96-48C5-8569-80434752BE6F}.Debug|Any CPU.Build.0 = Debug|Any CPU
		{3B88F03B-8B96-48C5-8569-80434752BE6F}.Release|Any CPU.ActiveCfg = Release|Any CPU
		{3B88F03B-8B96-48C5-8569-80434752BE6F}.Release|Any CPU.Build.0 = Release|Any CPU
		{4A94E63B-52A5-404F-81FF-E4C69777B758}.Debug|Any CPU.ActiveCfg = Debug|Any CPU
		{4A94E63B-52A5-404F-81FF-E4C69777B758}.Debug|Any CPU.Build.0 = Debug|Any CPU
		{4A94E63B-52A5-404F-81FF-E4C69777B758}.Release|Any CPU.ActiveCfg = Release|Any CPU
		{4A94E63B-52A5-404F-81FF-E4C69777B758}.Release|Any CPU.Build.0 = Release|Any CPU
		{3E6ED6D2-71AC-434C-8019-DC120ED4076E}.Debug|Any CPU.ActiveCfg = Debug|Any CPU
		{3E6ED6D2-71AC-434C-8019-DC120ED4076E}.Debug|Any CPU.Build.0 = Debug|Any CPU
		{3E6ED6D2-71AC-434C-8019-DC120ED4076E}.Release|Any CPU.ActiveCfg = Release|Any CPU
		{3E6ED6D2-71AC-434C-8019-DC120ED4076E}.Release|Any CPU.Build.0 = Release|Any CPU
		{546BC4E3-F2FF-45CB-8CD0-F1B1AE1169E3}.Debug|Any CPU.ActiveCfg = Debug|Any CPU
		{546BC4E3-F2FF-45CB-8CD0-F1B1AE1169E3}.Debug|Any CPU.Build.0 = Debug|Any CPU
		{546BC4E3-F2FF-45CB-8CD0-F1B1AE1169E3}.Release|Any CPU.ActiveCfg = Release|Any CPU
		{546BC4E3-F2FF-45CB-8CD0-F1B1AE1169E3}.Release|Any CPU.Build.0 = Release|Any CPU
		{51391B0C-2E94-43F2-858E-29652D22C709}.Debug|Any CPU.ActiveCfg = Debug|Any CPU
		{51391B0C-2E94-43F2-858E-29652D22C709}.Debug|Any CPU.Build.0 = Debug|Any CPU
		{51391B0C-2E94-43F2-858E-29652D22C709}.Release|Any CPU.ActiveCfg = Release|Any CPU
		{51391B0C-2E94-43F2-858E-29652D22C709}.Release|Any CPU.Build.0 = Release|Any CPU
		{0B66E234-B887-43C1-8FC4-0268D75C7B54}.Debug|Any CPU.ActiveCfg = Debug|Any CPU
		{0B66E234-B887-43C1-8FC4-0268D75C7B54}.Debug|Any CPU.Build.0 = Debug|Any CPU
		{0B66E234-B887-43C1-8FC4-0268D75C7B54}.Release|Any CPU.ActiveCfg = Release|Any CPU
		{0B66E234-B887-43C1-8FC4-0268D75C7B54}.Release|Any CPU.Build.0 = Release|Any CPU
		{F822C44A-E3D7-40B7-AA22-7F617BA7642A}.Debug|Any CPU.ActiveCfg = Debug|Any CPU
		{F822C44A-E3D7-40B7-AA22-7F617BA7642A}.Debug|Any CPU.Build.0 = Debug|Any CPU
		{F822C44A-E3D7-40B7-AA22-7F617BA7642A}.Release|Any CPU.ActiveCfg = Release|Any CPU
		{F822C44A-E3D7-40B7-AA22-7F617BA7642A}.Release|Any CPU.Build.0 = Release|Any CPU
		{629EDBA5-00B9-42E3-8DF8-4590D13528BD}.Debug|Any CPU.ActiveCfg = Debug|Any CPU
		{629EDBA5-00B9-42E3-8DF8-4590D13528BD}.Debug|Any CPU.Build.0 = Debug|Any CPU
		{629EDBA5-00B9-42E3-8DF8-4590D13528BD}.Release|Any CPU.ActiveCfg = Release|Any CPU
		{629EDBA5-00B9-42E3-8DF8-4590D13528BD}.Release|Any CPU.Build.0 = Release|Any CPU
		{AFDFB8D3-9CC9-4320-8530-E48A95C20D71}.Debug|Any CPU.ActiveCfg = Debug|Any CPU
		{AFDFB8D3-9CC9-4320-8530-E48A95C20D71}.Debug|Any CPU.Build.0 = Debug|Any CPU
		{AFDFB8D3-9CC9-4320-8530-E48A95C20D71}.Release|Any CPU.ActiveCfg = Release|Any CPU
		{AFDFB8D3-9CC9-4320-8530-E48A95C20D71}.Release|Any CPU.Build.0 = Release|Any CPU
		{3A97ABF5-D63D-4430-82FE-6472160F6BC5}.Debug|Any CPU.ActiveCfg = Debug|Any CPU
		{3A97ABF5-D63D-4430-82FE-6472160F6BC5}.Debug|Any CPU.Build.0 = Debug|Any CPU
		{3A97ABF5-D63D-4430-82FE-6472160F6BC5}.Release|Any CPU.ActiveCfg = Release|Any CPU
		{3A97ABF5-D63D-4430-82FE-6472160F6BC5}.Release|Any CPU.Build.0 = Release|Any CPU
		{A555418C-E0B6-4980-B143-915875A128CC}.Debug|Any CPU.ActiveCfg = Debug|Any CPU
		{A555418C-E0B6-4980-B143-915875A128CC}.Debug|Any CPU.Build.0 = Debug|Any CPU
		{A555418C-E0B6-4980-B143-915875A128CC}.Release|Any CPU.ActiveCfg = Release|Any CPU
		{A555418C-E0B6-4980-B143-915875A128CC}.Release|Any CPU.Build.0 = Release|Any CPU
		{3B46771F-43FD-4A75-8D22-59602B8F75AD}.Debug|Any CPU.ActiveCfg = Debug|Any CPU
		{3B46771F-43FD-4A75-8D22-59602B8F75AD}.Debug|Any CPU.Build.0 = Debug|Any CPU
		{3B46771F-43FD-4A75-8D22-59602B8F75AD}.Release|Any CPU.ActiveCfg = Release|Any CPU
		{3B46771F-43FD-4A75-8D22-59602B8F75AD}.Release|Any CPU.Build.0 = Release|Any CPU
		{77E693D1-3336-430C-A8D8-4DD5738E942B}.Debug|Any CPU.ActiveCfg = Debug|Any CPU
		{77E693D1-3336-430C-A8D8-4DD5738E942B}.Debug|Any CPU.Build.0 = Debug|Any CPU
		{77E693D1-3336-430C-A8D8-4DD5738E942B}.Release|Any CPU.ActiveCfg = Release|Any CPU
		{77E693D1-3336-430C-A8D8-4DD5738E942B}.Release|Any CPU.Build.0 = Release|Any CPU
		{0ACB0744-19D4-4C7F-A2C6-733F2ECC8D12}.Debug|Any CPU.ActiveCfg = Debug|Any CPU
		{0ACB0744-19D4-4C7F-A2C6-733F2ECC8D12}.Debug|Any CPU.Build.0 = Debug|Any CPU
		{0ACB0744-19D4-4C7F-A2C6-733F2ECC8D12}.Release|Any CPU.ActiveCfg = Release|Any CPU
		{0ACB0744-19D4-4C7F-A2C6-733F2ECC8D12}.Release|Any CPU.Build.0 = Release|Any CPU
		{54D044F3-8D14-4E23-8EDA-0ED55A4C1949}.Debug|Any CPU.ActiveCfg = Debug|Any CPU
		{54D044F3-8D14-4E23-8EDA-0ED55A4C1949}.Debug|Any CPU.Build.0 = Debug|Any CPU
		{54D044F3-8D14-4E23-8EDA-0ED55A4C1949}.Release|Any CPU.ActiveCfg = Release|Any CPU
		{54D044F3-8D14-4E23-8EDA-0ED55A4C1949}.Release|Any CPU.Build.0 = Release|Any CPU
		{91E2C67B-5F6B-4862-9ED7-B39632510D3F}.Debug|Any CPU.ActiveCfg = Debug|Any CPU
		{91E2C67B-5F6B-4862-9ED7-B39632510D3F}.Debug|Any CPU.Build.0 = Debug|Any CPU
		{91E2C67B-5F6B-4862-9ED7-B39632510D3F}.Release|Any CPU.ActiveCfg = Release|Any CPU
		{91E2C67B-5F6B-4862-9ED7-B39632510D3F}.Release|Any CPU.Build.0 = Release|Any CPU
		{997D6245-CBBA-4351-8BE2-2EF09A2952CD}.Debug|Any CPU.ActiveCfg = Debug|Any CPU
		{997D6245-CBBA-4351-8BE2-2EF09A2952CD}.Debug|Any CPU.Build.0 = Debug|Any CPU
		{997D6245-CBBA-4351-8BE2-2EF09A2952CD}.Release|Any CPU.ActiveCfg = Release|Any CPU
		{997D6245-CBBA-4351-8BE2-2EF09A2952CD}.Release|Any CPU.Build.0 = Release|Any CPU
		{9511C3D0-6F0C-4E03-8093-9A784D6A1216}.Debug|Any CPU.ActiveCfg = Debug|Any CPU
		{9511C3D0-6F0C-4E03-8093-9A784D6A1216}.Debug|Any CPU.Build.0 = Debug|Any CPU
		{9511C3D0-6F0C-4E03-8093-9A784D6A1216}.Release|Any CPU.ActiveCfg = Release|Any CPU
		{9511C3D0-6F0C-4E03-8093-9A784D6A1216}.Release|Any CPU.Build.0 = Release|Any CPU
		{933275EA-319D-46B7-9BEB-216BB5B442D5}.Debug|Any CPU.ActiveCfg = Debug|Any CPU
		{933275EA-319D-46B7-9BEB-216BB5B442D5}.Debug|Any CPU.Build.0 = Debug|Any CPU
		{933275EA-319D-46B7-9BEB-216BB5B442D5}.Release|Any CPU.ActiveCfg = Release|Any CPU
		{933275EA-319D-46B7-9BEB-216BB5B442D5}.Release|Any CPU.Build.0 = Release|Any CPU
		{DF303329-74DE-4222-B746-073EA3EC33E2}.Debug|Any CPU.ActiveCfg = Debug|Any CPU
		{DF303329-74DE-4222-B746-073EA3EC33E2}.Debug|Any CPU.Build.0 = Debug|Any CPU
		{DF303329-74DE-4222-B746-073EA3EC33E2}.Release|Any CPU.ActiveCfg = Release|Any CPU
		{DF303329-74DE-4222-B746-073EA3EC33E2}.Release|Any CPU.Build.0 = Release|Any CPU
		{39564065-A406-45A6-9E24-62B42316D83C}.Debug|Any CPU.ActiveCfg = Debug|Any CPU
		{39564065-A406-45A6-9E24-62B42316D83C}.Debug|Any CPU.Build.0 = Debug|Any CPU
		{39564065-A406-45A6-9E24-62B42316D83C}.Release|Any CPU.ActiveCfg = Release|Any CPU
		{39564065-A406-45A6-9E24-62B42316D83C}.Release|Any CPU.Build.0 = Release|Any CPU
		{CD6124E7-5922-4F63-97C7-920E1D641D98}.Debug|Any CPU.ActiveCfg = Debug|Any CPU
		{CD6124E7-5922-4F63-97C7-920E1D641D98}.Debug|Any CPU.Build.0 = Debug|Any CPU
		{CD6124E7-5922-4F63-97C7-920E1D641D98}.Release|Any CPU.ActiveCfg = Release|Any CPU
		{CD6124E7-5922-4F63-97C7-920E1D641D98}.Release|Any CPU.Build.0 = Release|Any CPU
		{07CCDCCB-F771-485E-9E45-2DDFB5006EFA}.Debug|Any CPU.ActiveCfg = Debug|Any CPU
		{07CCDCCB-F771-485E-9E45-2DDFB5006EFA}.Debug|Any CPU.Build.0 = Debug|Any CPU
		{07CCDCCB-F771-485E-9E45-2DDFB5006EFA}.Release|Any CPU.ActiveCfg = Release|Any CPU
		{07CCDCCB-F771-485E-9E45-2DDFB5006EFA}.Release|Any CPU.Build.0 = Release|Any CPU
		{DA0A3B3E-8BA9-434E-8CDA-D87AE14B6A43}.Debug|Any CPU.ActiveCfg = Debug|Any CPU
		{DA0A3B3E-8BA9-434E-8CDA-D87AE14B6A43}.Debug|Any CPU.Build.0 = Debug|Any CPU
		{DA0A3B3E-8BA9-434E-8CDA-D87AE14B6A43}.Release|Any CPU.ActiveCfg = Release|Any CPU
		{DA0A3B3E-8BA9-434E-8CDA-D87AE14B6A43}.Release|Any CPU.Build.0 = Release|Any CPU
		{24CC5CFB-A3B0-44EC-9A34-65590465BE3D}.Debug|Any CPU.ActiveCfg = Debug|Any CPU
		{24CC5CFB-A3B0-44EC-9A34-65590465BE3D}.Debug|Any CPU.Build.0 = Debug|Any CPU
		{24CC5CFB-A3B0-44EC-9A34-65590465BE3D}.Release|Any CPU.ActiveCfg = Release|Any CPU
		{24CC5CFB-A3B0-44EC-9A34-65590465BE3D}.Release|Any CPU.Build.0 = Release|Any CPU
		{11B4D13B-E70E-4050-9DA2-46C5200A66E7}.Debug|Any CPU.ActiveCfg = Debug|Any CPU
		{11B4D13B-E70E-4050-9DA2-46C5200A66E7}.Debug|Any CPU.Build.0 = Debug|Any CPU
		{11B4D13B-E70E-4050-9DA2-46C5200A66E7}.Release|Any CPU.ActiveCfg = Release|Any CPU
		{11B4D13B-E70E-4050-9DA2-46C5200A66E7}.Release|Any CPU.Build.0 = Release|Any CPU
		{30967926-E144-4B8A-9324-767A8C40F749}.Debug|Any CPU.ActiveCfg = Debug|Any CPU
		{30967926-E144-4B8A-9324-767A8C40F749}.Debug|Any CPU.Build.0 = Debug|Any CPU
		{30967926-E144-4B8A-9324-767A8C40F749}.Release|Any CPU.ActiveCfg = Release|Any CPU
		{30967926-E144-4B8A-9324-767A8C40F749}.Release|Any CPU.Build.0 = Release|Any CPU
		{7FCA1002-A242-4F12-B75A-F3DA0D057CB9}.Debug|Any CPU.ActiveCfg = Debug|Any CPU
		{7FCA1002-A242-4F12-B75A-F3DA0D057CB9}.Debug|Any CPU.Build.0 = Debug|Any CPU
		{7FCA1002-A242-4F12-B75A-F3DA0D057CB9}.Release|Any CPU.ActiveCfg = Release|Any CPU
		{7FCA1002-A242-4F12-B75A-F3DA0D057CB9}.Release|Any CPU.Build.0 = Release|Any CPU
		{6C60ABAB-12A5-47BA-9221-F55996C16776}.Debug|Any CPU.ActiveCfg = Debug|Any CPU
		{6C60ABAB-12A5-47BA-9221-F55996C16776}.Debug|Any CPU.Build.0 = Debug|Any CPU
		{6C60ABAB-12A5-47BA-9221-F55996C16776}.Release|Any CPU.ActiveCfg = Release|Any CPU
		{6C60ABAB-12A5-47BA-9221-F55996C16776}.Release|Any CPU.Build.0 = Release|Any CPU
		{52EA053B-0A11-42AE-9D02-348B498CEB6A}.Debug|Any CPU.ActiveCfg = Debug|Any CPU
		{52EA053B-0A11-42AE-9D02-348B498CEB6A}.Debug|Any CPU.Build.0 = Debug|Any CPU
		{52EA053B-0A11-42AE-9D02-348B498CEB6A}.Release|Any CPU.ActiveCfg = Release|Any CPU
		{52EA053B-0A11-42AE-9D02-348B498CEB6A}.Release|Any CPU.Build.0 = Release|Any CPU
		{E4767DDE-302E-4D94-947F-9DDDBB678525}.Debug|Any CPU.ActiveCfg = Debug|Any CPU
		{E4767DDE-302E-4D94-947F-9DDDBB678525}.Debug|Any CPU.Build.0 = Debug|Any CPU
		{E4767DDE-302E-4D94-947F-9DDDBB678525}.Release|Any CPU.ActiveCfg = Release|Any CPU
		{E4767DDE-302E-4D94-947F-9DDDBB678525}.Release|Any CPU.Build.0 = Release|Any CPU
		{D3E44A3E-26ED-433A-9877-CD225CD82384}.Debug|Any CPU.ActiveCfg = Debug|Any CPU
		{D3E44A3E-26ED-433A-9877-CD225CD82384}.Debug|Any CPU.Build.0 = Debug|Any CPU
		{D3E44A3E-26ED-433A-9877-CD225CD82384}.Release|Any CPU.ActiveCfg = Release|Any CPU
		{D3E44A3E-26ED-433A-9877-CD225CD82384}.Release|Any CPU.Build.0 = Release|Any CPU
		{1196008C-88D5-4D9C-B2FE-AF0F81FCD057}.Debug|Any CPU.ActiveCfg = Debug|Any CPU
		{1196008C-88D5-4D9C-B2FE-AF0F81FCD057}.Debug|Any CPU.Build.0 = Debug|Any CPU
		{1196008C-88D5-4D9C-B2FE-AF0F81FCD057}.Release|Any CPU.ActiveCfg = Release|Any CPU
		{1196008C-88D5-4D9C-B2FE-AF0F81FCD057}.Release|Any CPU.Build.0 = Release|Any CPU
		{20534500-D9FA-4976-8C0B-984594BF198C}.Debug|Any CPU.ActiveCfg = Debug|Any CPU
		{20534500-D9FA-4976-8C0B-984594BF198C}.Debug|Any CPU.Build.0 = Debug|Any CPU
		{20534500-D9FA-4976-8C0B-984594BF198C}.Release|Any CPU.ActiveCfg = Release|Any CPU
		{20534500-D9FA-4976-8C0B-984594BF198C}.Release|Any CPU.Build.0 = Release|Any CPU
		{D77140FB-FCC5-4779-A500-DCCDEDB7E3CD}.Debug|Any CPU.ActiveCfg = Debug|Any CPU
		{D77140FB-FCC5-4779-A500-DCCDEDB7E3CD}.Debug|Any CPU.Build.0 = Debug|Any CPU
		{D77140FB-FCC5-4779-A500-DCCDEDB7E3CD}.Release|Any CPU.ActiveCfg = Release|Any CPU
		{D77140FB-FCC5-4779-A500-DCCDEDB7E3CD}.Release|Any CPU.Build.0 = Release|Any CPU
		{907BB701-C97F-491B-B986-313C657F49E5}.Debug|Any CPU.ActiveCfg = Debug|Any CPU
		{907BB701-C97F-491B-B986-313C657F49E5}.Debug|Any CPU.Build.0 = Debug|Any CPU
		{907BB701-C97F-491B-B986-313C657F49E5}.Release|Any CPU.ActiveCfg = Release|Any CPU
		{907BB701-C97F-491B-B986-313C657F49E5}.Release|Any CPU.Build.0 = Release|Any CPU
		{8DF9B5E1-5F5C-4F0B-B12B-504FA986A5C9}.Debug|Any CPU.ActiveCfg = Debug|Any CPU
		{8DF9B5E1-5F5C-4F0B-B12B-504FA986A5C9}.Debug|Any CPU.Build.0 = Debug|Any CPU
		{8DF9B5E1-5F5C-4F0B-B12B-504FA986A5C9}.Release|Any CPU.ActiveCfg = Release|Any CPU
		{8DF9B5E1-5F5C-4F0B-B12B-504FA986A5C9}.Release|Any CPU.Build.0 = Release|Any CPU
		{76853CE6-2ED4-4D2C-A96B-52E4F7E2DA1D}.Debug|Any CPU.ActiveCfg = Debug|Any CPU
		{76853CE6-2ED4-4D2C-A96B-52E4F7E2DA1D}.Debug|Any CPU.Build.0 = Debug|Any CPU
		{76853CE6-2ED4-4D2C-A96B-52E4F7E2DA1D}.Release|Any CPU.ActiveCfg = Release|Any CPU
		{76853CE6-2ED4-4D2C-A96B-52E4F7E2DA1D}.Release|Any CPU.Build.0 = Release|Any CPU
		{E6D879B3-498A-436E-85B8-6F361F79F8B2}.Debug|Any CPU.ActiveCfg = Debug|Any CPU
		{E6D879B3-498A-436E-85B8-6F361F79F8B2}.Debug|Any CPU.Build.0 = Debug|Any CPU
		{E6D879B3-498A-436E-85B8-6F361F79F8B2}.Release|Any CPU.ActiveCfg = Release|Any CPU
		{E6D879B3-498A-436E-85B8-6F361F79F8B2}.Release|Any CPU.Build.0 = Release|Any CPU
		{DEFF61B6-5779-40C5-B249-D5958F580235}.Debug|Any CPU.ActiveCfg = Debug|Any CPU
		{DEFF61B6-5779-40C5-B249-D5958F580235}.Debug|Any CPU.Build.0 = Debug|Any CPU
		{DEFF61B6-5779-40C5-B249-D5958F580235}.Release|Any CPU.ActiveCfg = Release|Any CPU
		{DEFF61B6-5779-40C5-B249-D5958F580235}.Release|Any CPU.Build.0 = Release|Any CPU
		{DE4512EC-9C58-4DD1-ACAB-2838DF88FDFA}.Debug|Any CPU.ActiveCfg = Debug|Any CPU
		{DE4512EC-9C58-4DD1-ACAB-2838DF88FDFA}.Debug|Any CPU.Build.0 = Debug|Any CPU
		{DE4512EC-9C58-4DD1-ACAB-2838DF88FDFA}.Release|Any CPU.ActiveCfg = Release|Any CPU
		{DE4512EC-9C58-4DD1-ACAB-2838DF88FDFA}.Release|Any CPU.Build.0 = Release|Any CPU
		{CF802D5B-5980-44B7-9B17-EA055715959A}.Debug|Any CPU.ActiveCfg = Debug|Any CPU
		{CF802D5B-5980-44B7-9B17-EA055715959A}.Debug|Any CPU.Build.0 = Debug|Any CPU
		{CF802D5B-5980-44B7-9B17-EA055715959A}.Release|Any CPU.ActiveCfg = Release|Any CPU
		{CF802D5B-5980-44B7-9B17-EA055715959A}.Release|Any CPU.Build.0 = Release|Any CPU
	EndGlobalSection
	GlobalSection(SolutionProperties) = preSolution
		HideSolutionNode = FALSE
	EndGlobalSection
	GlobalSection(NestedProjects) = preSolution
		{E99C3CCB-EEC4-4A22-B459-A6E677CBEA29} = {68FD0318-3571-4CA7-8305-D213D716E155}
		{3DCE40F0-BA08-4BD6-BDD5-D3A545DAF4C6} = {EF431561-F8B3-43F1-B52C-A4728A10EC9D}
		{93B27F71-AB53-4FBB-8BD8-EC3AC4678D0D} = {172DAD94-1DB3-402B-9B94-EA5FFE5E8E9A}
		{AC053F55-B962-4F7B-A30D-D5F812D607F4} = {172DAD94-1DB3-402B-9B94-EA5FFE5E8E9A}
		{8864959F-2EAE-4081-B17A-D87C3A446CC4} = {172DAD94-1DB3-402B-9B94-EA5FFE5E8E9A}
		{51F9716D-640B-48FE-AA2E-84B61BEEB2AB} = {172DAD94-1DB3-402B-9B94-EA5FFE5E8E9A}
		{C80BA264-4109-4D1B-80C3-6809BAA8CEFA} = {172DAD94-1DB3-402B-9B94-EA5FFE5E8E9A}
		{B77CEED6-B48A-407D-AF9C-3D8A3752C061} = {172DAD94-1DB3-402B-9B94-EA5FFE5E8E9A}
		{7C8193B3-36FF-4B60-A3AC-C99799EFD9E9} = {172DAD94-1DB3-402B-9B94-EA5FFE5E8E9A}
		{172DAD94-1DB3-402B-9B94-EA5FFE5E8E9A} = {3DCE40F0-BA08-4BD6-BDD5-D3A545DAF4C6}
		{1D0950BE-DBCD-41CB-8FEF-03B78BF4745B} = {3DCE40F0-BA08-4BD6-BDD5-D3A545DAF4C6}
		{F29B4960-F519-497E-9506-CE218A36E104} = {68FD0318-3571-4CA7-8305-D213D716E155}
		{8FA4DC50-28A0-4E01-A9C5-AC76DF421A6A} = {F84AC2BB-42B5-42AA-819D-0E97C6F098A0}
		{4483AD39-5D7E-4E6C-8E55-BCA63C10532E} = {8FA4DC50-28A0-4E01-A9C5-AC76DF421A6A}
		{F752E050-31C2-4019-B782-7E012EBAF901} = {CA9D368A-C770-4084-8CFF-93D3FE4A9EFA}
		{C161C599-F919-4899-80B4-34D03FDE3E4D} = {0047F025-2F6F-4702-B4BA-BA33DEFA6542}
		{8337B7EE-E4DC-4033-A804-EE3D159E4646} = {2AAD43FD-BE9F-463A-8E00-2E0724F8EF89}
		{8704AADF-6529-4B85-A82D-234885D5F86E} = {4C15F357-AE68-4027-82CF-37E36B86DF08}
		{016B9189-AEE7-4229-8BB3-09ACC6B66AE4} = {4C15F357-AE68-4027-82CF-37E36B86DF08}
		{39621A5E-4D5F-45D8-8AA4-0AEB092A599A} = {96641074-F08C-4D59-A4D2-08DBD68AD67C}
		{9948145C-121A-4082-8A3D-5C779D723C05} = {E99C3CCB-EEC4-4A22-B459-A6E677CBEA29}
		{67D263CF-8D7A-4043-B1B1-AD1314807683} = {E99C3CCB-EEC4-4A22-B459-A6E677CBEA29}
		{B1E2868D-C0D8-4F74-8134-F038C0E24383} = {6ADEA544-5C06-49FD-9207-E87F330F0A3A}
		{E58486EB-3E8D-46AA-BB6B-47C33EDA639B} = {6ADEA544-5C06-49FD-9207-E87F330F0A3A}
		{07142382-2787-44D8-B09C-F340000C64DB} = {6ADEA544-5C06-49FD-9207-E87F330F0A3A}
		{C6C27026-7036-4A3D-AD7D-FA093CEFE701} = {1E820C43-C6CA-42F4-8496-EB7C801CA54B}
		{A04799F2-3676-4956-A4DE-2BDEA874070E} = {C1A83253-5212-44B6-A2AA-76A5FFD63253}
		{D7A453B6-EC9A-42BE-85FA-A9D0AA2D9BBA} = {68FD0318-3571-4CA7-8305-D213D716E155}
		{A13228D6-009C-47E1-A8EC-8F2BB117C37E} = {96641074-F08C-4D59-A4D2-08DBD68AD67C}
		{3B88F03B-8B96-48C5-8569-80434752BE6F} = {BE257C6D-3FFD-4FB4-BCFA-DD46CAB965F3}
		{4A94E63B-52A5-404F-81FF-E4C69777B758} = {3DCE40F0-BA08-4BD6-BDD5-D3A545DAF4C6}
		{3E6ED6D2-71AC-434C-8019-DC120ED4076E} = {F29B4960-F519-497E-9506-CE218A36E104}
		{546BC4E3-F2FF-45CB-8CD0-F1B1AE1169E3} = {96641074-F08C-4D59-A4D2-08DBD68AD67C}
		{51391B0C-2E94-43F2-858E-29652D22C709} = {3DCE40F0-BA08-4BD6-BDD5-D3A545DAF4C6}
		{0B66E234-B887-43C1-8FC4-0268D75C7B54} = {3DCE40F0-BA08-4BD6-BDD5-D3A545DAF4C6}
		{F822C44A-E3D7-40B7-AA22-7F617BA7642A} = {93B27F71-AB53-4FBB-8BD8-EC3AC4678D0D}
		{629EDBA5-00B9-42E3-8DF8-4590D13528BD} = {93B27F71-AB53-4FBB-8BD8-EC3AC4678D0D}
		{AFDFB8D3-9CC9-4320-8530-E48A95C20D71} = {4C15F357-AE68-4027-82CF-37E36B86DF08}
		{3A97ABF5-D63D-4430-82FE-6472160F6BC5} = {9B54B6C4-21A6-4293-AFA8-F4AD829EA5FE}
		{A555418C-E0B6-4980-B143-915875A128CC} = {C161C599-F919-4899-80B4-34D03FDE3E4D}
		{3B46771F-43FD-4A75-8D22-59602B8F75AD} = {CCF293C0-3213-498D-987C-1C31A94CF5CC}
		{77E693D1-3336-430C-A8D8-4DD5738E942B} = {CCF293C0-3213-498D-987C-1C31A94CF5CC}
		{0ACB0744-19D4-4C7F-A2C6-733F2ECC8D12} = {CA9D368A-C770-4084-8CFF-93D3FE4A9EFA}
		{54D044F3-8D14-4E23-8EDA-0ED55A4C1949} = {CA9D368A-C770-4084-8CFF-93D3FE4A9EFA}
		{91E2C67B-5F6B-4862-9ED7-B39632510D3F} = {F752E050-31C2-4019-B782-7E012EBAF901}
		{997D6245-CBBA-4351-8BE2-2EF09A2952CD} = {F752E050-31C2-4019-B782-7E012EBAF901}
		{9511C3D0-6F0C-4E03-8093-9A784D6A1216} = {F752E050-31C2-4019-B782-7E012EBAF901}
		{933275EA-319D-46B7-9BEB-216BB5B442D5} = {4C15F357-AE68-4027-82CF-37E36B86DF08}
		{CCF293C0-3213-498D-987C-1C31A94CF5CC} = {0047F025-2F6F-4702-B4BA-BA33DEFA6542}
		{DF303329-74DE-4222-B746-073EA3EC33E2} = {CCF293C0-3213-498D-987C-1C31A94CF5CC}
		{39564065-A406-45A6-9E24-62B42316D83C} = {CCF293C0-3213-498D-987C-1C31A94CF5CC}
		{CD6124E7-5922-4F63-97C7-920E1D641D98} = {CCF293C0-3213-498D-987C-1C31A94CF5CC}
		{23680055-3CF2-4630-9694-69414867AEB1} = {EF431561-F8B3-43F1-B52C-A4728A10EC9D}
		{139F25AD-C5D0-4158-8E5D-AA25F1D0E1FD} = {23680055-3CF2-4630-9694-69414867AEB1}
		{C2B7F832-AB0E-481D-A0DA-E2991C522F46} = {23680055-3CF2-4630-9694-69414867AEB1}
		{8DB34978-245C-4712-8513-AC7FBD1F9CDC} = {23680055-3CF2-4630-9694-69414867AEB1}
		{2505067A-D1C7-4484-B378-34D737597D65} = {EF431561-F8B3-43F1-B52C-A4728A10EC9D}
		{07CCDCCB-F771-485E-9E45-2DDFB5006EFA} = {2505067A-D1C7-4484-B378-34D737597D65}
		{DA0A3B3E-8BA9-434E-8CDA-D87AE14B6A43} = {2505067A-D1C7-4484-B378-34D737597D65}
		{24CC5CFB-A3B0-44EC-9A34-65590465BE3D} = {2505067A-D1C7-4484-B378-34D737597D65}
		{11B4D13B-E70E-4050-9DA2-46C5200A66E7} = {2505067A-D1C7-4484-B378-34D737597D65}
		{EEE5002C-EC4F-46FC-8C2A-09B27BDBB266} = {0047F025-2F6F-4702-B4BA-BA33DEFA6542}
		{CA9D368A-C770-4084-8CFF-93D3FE4A9EFA} = {0047F025-2F6F-4702-B4BA-BA33DEFA6542}
		{30967926-E144-4B8A-9324-767A8C40F749} = {EEE5002C-EC4F-46FC-8C2A-09B27BDBB266}
		{7FCA1002-A242-4F12-B75A-F3DA0D057CB9} = {3A506C91-E1F2-4D25-BB45-94639F37822D}
		{6C60ABAB-12A5-47BA-9221-F55996C16776} = {1923EB13-1DA3-439E-81F4-BA00ED68B52F}
		{52EA053B-0A11-42AE-9D02-348B498CEB6A} = {CCF293C0-3213-498D-987C-1C31A94CF5CC}
		{E4767DDE-302E-4D94-947F-9DDDBB678525} = {EEE5002C-EC4F-46FC-8C2A-09B27BDBB266}
		{D3E44A3E-26ED-433A-9877-CD225CD82384} = {EEE5002C-EC4F-46FC-8C2A-09B27BDBB266}
		{5D5DAA06-77CC-4254-9CF8-EEE53C948427} = {CA9D368A-C770-4084-8CFF-93D3FE4A9EFA}
		{1196008C-88D5-4D9C-B2FE-AF0F81FCD057} = {5D5DAA06-77CC-4254-9CF8-EEE53C948427}
		{20534500-D9FA-4976-8C0B-984594BF198C} = {5D5DAA06-77CC-4254-9CF8-EEE53C948427}
		{D77140FB-FCC5-4779-A500-DCCDEDB7E3CD} = {F752E050-31C2-4019-B782-7E012EBAF901}
		{1923EB13-1DA3-439E-81F4-BA00ED68B52F} = {CA9D368A-C770-4084-8CFF-93D3FE4A9EFA}
		{9B54B6C4-21A6-4293-AFA8-F4AD829EA5FE} = {0047F025-2F6F-4702-B4BA-BA33DEFA6542}
		{3A506C91-E1F2-4D25-BB45-94639F37822D} = {CA9D368A-C770-4084-8CFF-93D3FE4A9EFA}
		{907BB701-C97F-491B-B986-313C657F49E5} = {F752E050-31C2-4019-B782-7E012EBAF901}
		{CA4D9B14-CBB1-4C46-9F4B-AD58259A6454} = {0047F025-2F6F-4702-B4BA-BA33DEFA6542}
		{0DC5F74D-F466-44D8-925C-63D2B7DC1693} = {CA9D368A-C770-4084-8CFF-93D3FE4A9EFA}
		{8DF9B5E1-5F5C-4F0B-B12B-504FA986A5C9} = {2505067A-D1C7-4484-B378-34D737597D65}
		{76853CE6-2ED4-4D2C-A96B-52E4F7E2DA1D} = {3A506C91-E1F2-4D25-BB45-94639F37822D}
		{E6D879B3-498A-436E-85B8-6F361F79F8B2} = {CA4D9B14-CBB1-4C46-9F4B-AD58259A6454}
		{DEFF61B6-5779-40C5-B249-D5958F580235} = {C161C599-F919-4899-80B4-34D03FDE3E4D}
		{DE4512EC-9C58-4DD1-ACAB-2838DF88FDFA} = {4C15F357-AE68-4027-82CF-37E36B86DF08}
		{CF802D5B-5980-44B7-9B17-EA055715959A} = {C1A83253-5212-44B6-A2AA-76A5FFD63253}
	EndGlobalSection
	GlobalSection(ExtensibilityGlobals) = postSolution
		SolutionGuid = {55EA0171-647B-4A8E-A8DE-7EB7E60ED703}
	EndGlobalSection
EndGlobal
