
Microsoft Visual Studio Solution File, Format Version 12.00
# Visual Studio 2013
VisualStudioVersion = 12.0.21005.1
MinimumVisualStudioVersion = 10.0.40219.1
Project("{FAE04EC0-301F-11D3-BF4B-00C04F79EFBC}") = "Orchid.SeedWork.Repository", "Orchid.SeedWork.Repository\Orchid.SeedWork.Repository.csproj", "{BFB3DF8C-053E-4A72-8EF8-8FFFF4C7D855}"
EndProject
Project("{FAE04EC0-301F-11D3-BF4B-00C04F79EFBC}") = "Orchid.SeedWork.Repository.EF", "Orchid.SeedWork.Repository.EF\Orchid.SeedWork.Repository.EF.csproj", "{B09AFD05-A05E-420B-9B4D-9A74BE871C98}"
EndProject
Project("{FAE04EC0-301F-11D3-BF4B-00C04F79EFBC}") = "Orchid.SeedWork.Repository.XML", "Orchid.SeedWork.Repository.XML\Orchid.SeedWork.Repository.XML.csproj", "{52303D5D-8E95-40CE-AEDD-DF75809C4278}"
EndProject
Project("{FAE04EC0-301F-11D3-BF4B-00C04F79EFBC}") = "Orchid.SeedWork.Core", "Orchid.SeedWork.Core\Orchid.SeedWork.Core.csproj", "{B9DA706E-4ECB-4E02-8CA2-84A50B9B4083}"
EndProject
Global
	GlobalSection(TeamFoundationVersionControl) = preSolution
		SccNumberOfProjects = 5
		SccEnterpriseProvider = {4CA58AB2-18FA-4F8D-95D4-32DDF27D184C}
		SccTeamFoundationServer = https://leolai.visualstudio.com/defaultcollection
		SccLocalPath0 = .
		SccProjectUniqueName1 = Orchid.SeedWork.Repository\\Orchid.SeedWork.Repository.csproj
		SccProjectName1 = Orchid.SeedWork.Repository
		SccLocalPath1 = Orchid.SeedWork.Repository
		SccProjectUniqueName2 = Orchid.SeedWork.Repository.EF\\Orchid.SeedWork.Repository.EF.csproj
		SccProjectName2 = Orchid.SeedWork.Repository.EF
		SccLocalPath2 = Orchid.SeedWork.Repository.EF
		SccProjectUniqueName3 = Orchid.SeedWork.Repository.XML\\Orchid.SeedWork.Repository.XML.csproj
		SccProjectName3 = Orchid.SeedWork.Repository.XML
		SccLocalPath3 = Orchid.SeedWork.Repository.XML
		SccProjectUniqueName4 = Orchid.SeedWork.Core\\Orchid.SeedWork.Core.csproj
		SccProjectName4 = Orchid.SeedWork.Core
		SccLocalPath4 = Orchid.SeedWork.Core
	EndGlobalSection
	GlobalSection(SolutionConfigurationPlatforms) = preSolution
		Debug|Any CPU = Debug|Any CPU
		Release|Any CPU = Release|Any CPU
	EndGlobalSection
	GlobalSection(ProjectConfigurationPlatforms) = postSolution
		{BFB3DF8C-053E-4A72-8EF8-8FFFF4C7D855}.Debug|Any CPU.ActiveCfg = Debug|Any CPU
		{BFB3DF8C-053E-4A72-8EF8-8FFFF4C7D855}.Debug|Any CPU.Build.0 = Debug|Any CPU
		{BFB3DF8C-053E-4A72-8EF8-8FFFF4C7D855}.Release|Any CPU.ActiveCfg = Release|Any CPU
		{BFB3DF8C-053E-4A72-8EF8-8FFFF4C7D855}.Release|Any CPU.Build.0 = Release|Any CPU
		{B09AFD05-A05E-420B-9B4D-9A74BE871C98}.Debug|Any CPU.ActiveCfg = Debug|Any CPU
		{B09AFD05-A05E-420B-9B4D-9A74BE871C98}.Debug|Any CPU.Build.0 = Debug|Any CPU
		{B09AFD05-A05E-420B-9B4D-9A74BE871C98}.Release|Any CPU.ActiveCfg = Release|Any CPU
		{B09AFD05-A05E-420B-9B4D-9A74BE871C98}.Release|Any CPU.Build.0 = Release|Any CPU
		{52303D5D-8E95-40CE-AEDD-DF75809C4278}.Debug|Any CPU.ActiveCfg = Debug|Any CPU
		{52303D5D-8E95-40CE-AEDD-DF75809C4278}.Debug|Any CPU.Build.0 = Debug|Any CPU
		{52303D5D-8E95-40CE-AEDD-DF75809C4278}.Release|Any CPU.ActiveCfg = Release|Any CPU
		{52303D5D-8E95-40CE-AEDD-DF75809C4278}.Release|Any CPU.Build.0 = Release|Any CPU
		{B9DA706E-4ECB-4E02-8CA2-84A50B9B4083}.Debug|Any CPU.ActiveCfg = Debug|Any CPU
		{B9DA706E-4ECB-4E02-8CA2-84A50B9B4083}.Debug|Any CPU.Build.0 = Debug|Any CPU
		{B9DA706E-4ECB-4E02-8CA2-84A50B9B4083}.Release|Any CPU.ActiveCfg = Release|Any CPU
		{B9DA706E-4ECB-4E02-8CA2-84A50B9B4083}.Release|Any CPU.Build.0 = Release|Any CPU
	EndGlobalSection
	GlobalSection(SolutionProperties) = preSolution
		HideSolutionNode = FALSE
	EndGlobalSection
EndGlobal
