
Microsoft Visual Studio Solution File, Format Version 12.00
# Visual Studio 14
VisualStudioVersion = 14.0.23107.0
MinimumVisualStudioVersion = 10.0.40219.1
Project("{2150E333-8FDC-42A3-9474-1A3956D46DE8}") = "src", "src", "{B7552CBF-A30A-48B8-9DBD-8CE119A73F23}"
EndProject
Project("{2150E333-8FDC-42A3-9474-1A3956D46DE8}") = "Solution Items", "Solution Items", "{6E766B6B-5565-49AD-AD87-68E2AA57249C}"
	ProjectSection(SolutionItems) = preProject
		global.json = global.json
	EndProjectSection
EndProject
Project("{8BB2217D-0F2D-49D1-97BC-3654ED321F3B}") = "Orchid.EShopping", "src\Orchid.EShopping\Orchid.EShopping.xproj", "{AF2342A5-213E-42F4-8825-4DC1E383492D}"
EndProject
Project("{2150E333-8FDC-42A3-9474-1A3956D46DE8}") = "Order", "Order", "{52035E3C-A781-44D8-AE0B-AA0EB2616344}"
EndProject
Project("{2150E333-8FDC-42A3-9474-1A3956D46DE8}") = "Product", "Product", "{B9931586-5ADE-4D5E-A6E5-2B83ECADB87A}"
EndProject
Project("{8BB2217D-0F2D-49D1-97BC-3654ED321F3B}") = "Orchid.EShopping.Product.Domain", "src\Orchid.EShopping.Product.Domain\Orchid.EShopping.Product.Domain.xproj", "{D02BB7FC-2C08-4CB0-BBFD-E6D75B39DC0B}"
EndProject
Global
	GlobalSection(SolutionConfigurationPlatforms) = preSolution
		Debug|Any CPU = Debug|Any CPU
		Release|Any CPU = Release|Any CPU
	EndGlobalSection
	GlobalSection(ProjectConfigurationPlatforms) = postSolution
		{AF2342A5-213E-42F4-8825-4DC1E383492D}.Debug|Any CPU.ActiveCfg = Debug|Any CPU
		{AF2342A5-213E-42F4-8825-4DC1E383492D}.Debug|Any CPU.Build.0 = Debug|Any CPU
		{AF2342A5-213E-42F4-8825-4DC1E383492D}.Release|Any CPU.ActiveCfg = Release|Any CPU
		{AF2342A5-213E-42F4-8825-4DC1E383492D}.Release|Any CPU.Build.0 = Release|Any CPU
		{D02BB7FC-2C08-4CB0-BBFD-E6D75B39DC0B}.Debug|Any CPU.ActiveCfg = Debug|Any CPU
		{D02BB7FC-2C08-4CB0-BBFD-E6D75B39DC0B}.Debug|Any CPU.Build.0 = Debug|Any CPU
		{D02BB7FC-2C08-4CB0-BBFD-E6D75B39DC0B}.Release|Any CPU.ActiveCfg = Release|Any CPU
		{D02BB7FC-2C08-4CB0-BBFD-E6D75B39DC0B}.Release|Any CPU.Build.0 = Release|Any CPU
	EndGlobalSection
	GlobalSection(SolutionProperties) = preSolution
		HideSolutionNode = FALSE
	EndGlobalSection
	GlobalSection(NestedProjects) = preSolution
		{AF2342A5-213E-42F4-8825-4DC1E383492D} = {B7552CBF-A30A-48B8-9DBD-8CE119A73F23}
		{52035E3C-A781-44D8-AE0B-AA0EB2616344} = {B7552CBF-A30A-48B8-9DBD-8CE119A73F23}
		{B9931586-5ADE-4D5E-A6E5-2B83ECADB87A} = {B7552CBF-A30A-48B8-9DBD-8CE119A73F23}
		{D02BB7FC-2C08-4CB0-BBFD-E6D75B39DC0B} = {B9931586-5ADE-4D5E-A6E5-2B83ECADB87A}
	EndGlobalSection
EndGlobal
